// !$*UTF8*$!
{
	archiveVersion = 1;
	classes = {
	};
	objectVersion = 50;
	objects = {

/* Begin PBXBuildFile section */
		90F19D8A1484364FD0AD96F3 /* Pods_LoginAppTests.framework in Frameworks */ = {isa = PBXBuildFile; fileRef = E785D283277C73566D3C8821 /* Pods_LoginAppTests.framework */; };
		A7DFBFA84A7A9DA1AB0421BD /* Pods_LoginApp.framework in Frameworks */ = {isa = PBXBuildFile; fileRef = D8DCF9389F2F99164FBBBCBD /* Pods_LoginApp.framework */; };
		C13E08C88143BD94B21B30B9 /* Pods_LoginApp_LoginAppUITests.framework in Frameworks */ = {isa = PBXBuildFile; fileRef = E0A5FD2EA2966AFD4B25289D /* Pods_LoginApp_LoginAppUITests.framework */; };
		C173548B23DEB76800B74918 /* AppDelegate.swift in Sources */ = {isa = PBXBuildFile; fileRef = C173548A23DEB76800B74918 /* AppDelegate.swift */; };
		C173548D23DEB76800B74918 /* SceneDelegate.swift in Sources */ = {isa = PBXBuildFile; fileRef = C173548C23DEB76800B74918 /* SceneDelegate.swift */; };
		C173548F23DEB76800B74918 /* ContentView.swift in Sources */ = {isa = PBXBuildFile; fileRef = C173548E23DEB76800B74918 /* ContentView.swift */; };
		C173549123DEB76D00B74918 /* Assets.xcassets in Resources */ = {isa = PBXBuildFile; fileRef = C173549023DEB76D00B74918 /* Assets.xcassets */; };
		C173549423DEB76D00B74918 /* Preview Assets.xcassets in Resources */ = {isa = PBXBuildFile; fileRef = C173549323DEB76D00B74918 /* Preview Assets.xcassets */; };
		C173549723DEB76D00B74918 /* LaunchScreen.storyboard in Resources */ = {isa = PBXBuildFile; fileRef = C173549523DEB76D00B74918 /* LaunchScreen.storyboard */; };
		C17354A223DEB76D00B74918 /* LoginAppTests.swift in Sources */ = {isa = PBXBuildFile; fileRef = C17354A123DEB76D00B74918 /* LoginAppTests.swift */; };
		C17354AD23DEB76D00B74918 /* LoginAppUITests.swift in Sources */ = {isa = PBXBuildFile; fileRef = C17354AC23DEB76D00B74918 /* LoginAppUITests.swift */; };
		C17354BD23DEE49B00B74918 /* GoogleService-Info.plist in Resources */ = {isa = PBXBuildFile; fileRef = C17354BC23DEE49B00B74918 /* GoogleService-Info.plist */; };
/* End PBXBuildFile section */

/* Begin PBXContainerItemProxy section */
		C173549E23DEB76D00B74918 /* PBXContainerItemProxy */ = {
			isa = PBXContainerItemProxy;
			containerPortal = C173547F23DEB76700B74918 /* Project object */;
			proxyType = 1;
			remoteGlobalIDString = C173548623DEB76700B74918;
			remoteInfo = LoginApp;
		};
		C17354A923DEB76D00B74918 /* PBXContainerItemProxy */ = {
			isa = PBXContainerItemProxy;
			containerPortal = C173547F23DEB76700B74918 /* Project object */;
			proxyType = 1;
			remoteGlobalIDString = C173548623DEB76700B74918;
			remoteInfo = LoginApp;
		};
/* End PBXContainerItemProxy section */

/* Begin PBXFileReference section */
		07C3F1107C07B730F6774C1A /* Pods-LoginApp-LoginAppUITests.release.xcconfig */ = {isa = PBXFileReference; includeInIndex = 1; lastKnownFileType = text.xcconfig; name = "Pods-LoginApp-LoginAppUITests.release.xcconfig"; path = "Target Support Files/Pods-LoginApp-LoginAppUITests/Pods-LoginApp-LoginAppUITests.release.xcconfig"; sourceTree = "<group>"; };
		175869D12703BAB3B4E91018 /* Pods-LoginApp.release.xcconfig */ = {isa = PBXFileReference; includeInIndex = 1; lastKnownFileType = text.xcconfig; name = "Pods-LoginApp.release.xcconfig"; path = "Target Support Files/Pods-LoginApp/Pods-LoginApp.release.xcconfig"; sourceTree = "<group>"; };
		2FD43CDEF0F37AC7FDE67EA4 /* Pods-LoginAppTests.release.xcconfig */ = {isa = PBXFileReference; includeInIndex = 1; lastKnownFileType = text.xcconfig; name = "Pods-LoginAppTests.release.xcconfig"; path = "Target Support Files/Pods-LoginAppTests/Pods-LoginAppTests.release.xcconfig"; sourceTree = "<group>"; };
		C173548723DEB76700B74918 /* LoginApp.app */ = {isa = PBXFileReference; explicitFileType = wrapper.application; includeInIndex = 0; path = LoginApp.app; sourceTree = BUILT_PRODUCTS_DIR; };
		C173548A23DEB76800B74918 /* AppDelegate.swift */ = {isa = PBXFileReference; lastKnownFileType = sourcecode.swift; path = AppDelegate.swift; sourceTree = "<group>"; };
		C173548C23DEB76800B74918 /* SceneDelegate.swift */ = {isa = PBXFileReference; lastKnownFileType = sourcecode.swift; path = SceneDelegate.swift; sourceTree = "<group>"; };
		C173548E23DEB76800B74918 /* ContentView.swift */ = {isa = PBXFileReference; lastKnownFileType = sourcecode.swift; path = ContentView.swift; sourceTree = "<group>"; };
		C173549023DEB76D00B74918 /* Assets.xcassets */ = {isa = PBXFileReference; lastKnownFileType = folder.assetcatalog; path = Assets.xcassets; sourceTree = "<group>"; };
		C173549323DEB76D00B74918 /* Preview Assets.xcassets */ = {isa = PBXFileReference; lastKnownFileType = folder.assetcatalog; path = "Preview Assets.xcassets"; sourceTree = "<group>"; };
		C173549623DEB76D00B74918 /* Base */ = {isa = PBXFileReference; lastKnownFileType = file.storyboard; name = Base; path = Base.lproj/LaunchScreen.storyboard; sourceTree = "<group>"; };
		C173549823DEB76D00B74918 /* Info.plist */ = {isa = PBXFileReference; lastKnownFileType = text.plist.xml; path = Info.plist; sourceTree = "<group>"; };
		C173549D23DEB76D00B74918 /* LoginAppTests.xctest */ = {isa = PBXFileReference; explicitFileType = wrapper.cfbundle; includeInIndex = 0; path = LoginAppTests.xctest; sourceTree = BUILT_PRODUCTS_DIR; };
		C17354A123DEB76D00B74918 /* LoginAppTests.swift */ = {isa = PBXFileReference; lastKnownFileType = sourcecode.swift; path = LoginAppTests.swift; sourceTree = "<group>"; };
		C17354A323DEB76D00B74918 /* Info.plist */ = {isa = PBXFileReference; lastKnownFileType = text.plist.xml; path = Info.plist; sourceTree = "<group>"; };
		C17354A823DEB76D00B74918 /* LoginAppUITests.xctest */ = {isa = PBXFileReference; explicitFileType = wrapper.cfbundle; includeInIndex = 0; path = LoginAppUITests.xctest; sourceTree = BUILT_PRODUCTS_DIR; };
		C17354AC23DEB76D00B74918 /* LoginAppUITests.swift */ = {isa = PBXFileReference; lastKnownFileType = sourcecode.swift; path = LoginAppUITests.swift; sourceTree = "<group>"; };
		C17354AE23DEB76D00B74918 /* Info.plist */ = {isa = PBXFileReference; lastKnownFileType = text.plist.xml; path = Info.plist; sourceTree = "<group>"; };
		C17354BC23DEE49B00B74918 /* GoogleService-Info.plist */ = {isa = PBXFileReference; fileEncoding = 4; lastKnownFileType = text.plist.xml; name = "GoogleService-Info.plist"; path = "../../../Downloads/GoogleService-Info.plist"; sourceTree = "<group>"; };
		D8DCF9389F2F99164FBBBCBD /* Pods_LoginApp.framework */ = {isa = PBXFileReference; explicitFileType = wrapper.framework; includeInIndex = 0; path = Pods_LoginApp.framework; sourceTree = BUILT_PRODUCTS_DIR; };
		DE2AD445211BDB9892F284C7 /* Pods-LoginAppTests.debug.xcconfig */ = {isa = PBXFileReference; includeInIndex = 1; lastKnownFileType = text.xcconfig; name = "Pods-LoginAppTests.debug.xcconfig"; path = "Target Support Files/Pods-LoginAppTests/Pods-LoginAppTests.debug.xcconfig"; sourceTree = "<group>"; };
		E0A5FD2EA2966AFD4B25289D /* Pods_LoginApp_LoginAppUITests.framework */ = {isa = PBXFileReference; explicitFileType = wrapper.framework; includeInIndex = 0; path = Pods_LoginApp_LoginAppUITests.framework; sourceTree = BUILT_PRODUCTS_DIR; };
		E3CE94B1AFD6AF258B1F055F /* Pods-LoginApp-LoginAppUITests.debug.xcconfig */ = {isa = PBXFileReference; includeInIndex = 1; lastKnownFileType = text.xcconfig; name = "Pods-LoginApp-LoginAppUITests.debug.xcconfig"; path = "Target Support Files/Pods-LoginApp-LoginAppUITests/Pods-LoginApp-LoginAppUITests.debug.xcconfig"; sourceTree = "<group>"; };
		E785D283277C73566D3C8821 /* Pods_LoginAppTests.framework */ = {isa = PBXFileReference; explicitFileType = wrapper.framework; includeInIndex = 0; path = Pods_LoginAppTests.framework; sourceTree = BUILT_PRODUCTS_DIR; };
		F9692EB7C45D25D45D32E17F /* Pods-LoginApp.debug.xcconfig */ = {isa = PBXFileReference; includeInIndex = 1; lastKnownFileType = text.xcconfig; name = "Pods-LoginApp.debug.xcconfig"; path = "Target Support Files/Pods-LoginApp/Pods-LoginApp.debug.xcconfig"; sourceTree = "<group>"; };
/* End PBXFileReference section */

/* Begin PBXFrameworksBuildPhase section */
		C173548423DEB76700B74918 /* Frameworks */ = {
			isa = PBXFrameworksBuildPhase;
			buildActionMask = 2147483647;
			files = (
				A7DFBFA84A7A9DA1AB0421BD /* Pods_LoginApp.framework in Frameworks */,
			);
			runOnlyForDeploymentPostprocessing = 0;
		};
		C173549A23DEB76D00B74918 /* Frameworks */ = {
			isa = PBXFrameworksBuildPhase;
			buildActionMask = 2147483647;
			files = (
				90F19D8A1484364FD0AD96F3 /* Pods_LoginAppTests.framework in Frameworks */,
			);
			runOnlyForDeploymentPostprocessing = 0;
		};
		C17354A523DEB76D00B74918 /* Frameworks */ = {
			isa = PBXFrameworksBuildPhase;
			buildActionMask = 2147483647;
			files = (
				C13E08C88143BD94B21B30B9 /* Pods_LoginApp_LoginAppUITests.framework in Frameworks */,
			);
			runOnlyForDeploymentPostprocessing = 0;
		};
/* End PBXFrameworksBuildPhase section */

/* Begin PBXGroup section */
		2137C986ADB5B24C3FA0D4C4 /* Frameworks */ = {
			isa = PBXGroup;
			children = (
				D8DCF9389F2F99164FBBBCBD /* Pods_LoginApp.framework */,
				E0A5FD2EA2966AFD4B25289D /* Pods_LoginApp_LoginAppUITests.framework */,
				E785D283277C73566D3C8821 /* Pods_LoginAppTests.framework */,
			);
			name = Frameworks;
			sourceTree = "<group>";
		};
		6D2FD3E36BDDA1DE01EE2CB6 /* Pods */ = {
			isa = PBXGroup;
			children = (
				F9692EB7C45D25D45D32E17F /* Pods-LoginApp.debug.xcconfig */,
				175869D12703BAB3B4E91018 /* Pods-LoginApp.release.xcconfig */,
				E3CE94B1AFD6AF258B1F055F /* Pods-LoginApp-LoginAppUITests.debug.xcconfig */,
				07C3F1107C07B730F6774C1A /* Pods-LoginApp-LoginAppUITests.release.xcconfig */,
				DE2AD445211BDB9892F284C7 /* Pods-LoginAppTests.debug.xcconfig */,
				2FD43CDEF0F37AC7FDE67EA4 /* Pods-LoginAppTests.release.xcconfig */,
			);
			name = Pods;
			path = Pods;
			sourceTree = "<group>";
		};
		C173547E23DEB76700B74918 = {
			isa = PBXGroup;
			children = (
				C173548923DEB76700B74918 /* LoginApp */,
				C17354A023DEB76D00B74918 /* LoginAppTests */,
				C17354AB23DEB76D00B74918 /* LoginAppUITests */,
				C173548823DEB76700B74918 /* Products */,
				6D2FD3E36BDDA1DE01EE2CB6 /* Pods */,
				2137C986ADB5B24C3FA0D4C4 /* Frameworks */,
			);
			sourceTree = "<group>";
		};
		C173548823DEB76700B74918 /* Products */ = {
			isa = PBXGroup;
			children = (
				C173548723DEB76700B74918 /* LoginApp.app */,
				C173549D23DEB76D00B74918 /* LoginAppTests.xctest */,
				C17354A823DEB76D00B74918 /* LoginAppUITests.xctest */,
			);
			name = Products;
			sourceTree = "<group>";
		};
		C173548923DEB76700B74918 /* LoginApp */ = {
			isa = PBXGroup;
			children = (
				C17354BC23DEE49B00B74918 /* GoogleService-Info.plist */,
				C173548A23DEB76800B74918 /* AppDelegate.swift */,
				C173548C23DEB76800B74918 /* SceneDelegate.swift */,
				C173548E23DEB76800B74918 /* ContentView.swift */,
				C173549023DEB76D00B74918 /* Assets.xcassets */,
				C173549523DEB76D00B74918 /* LaunchScreen.storyboard */,
				C173549823DEB76D00B74918 /* Info.plist */,
				C173549223DEB76D00B74918 /* Preview Content */,
			);
			path = LoginApp;
			sourceTree = "<group>";
		};
		C173549223DEB76D00B74918 /* Preview Content */ = {
			isa = PBXGroup;
			children = (
				C173549323DEB76D00B74918 /* Preview Assets.xcassets */,
			);
			path = "Preview Content";
			sourceTree = "<group>";
		};
		C17354A023DEB76D00B74918 /* LoginAppTests */ = {
			isa = PBXGroup;
			children = (
				C17354A123DEB76D00B74918 /* LoginAppTests.swift */,
				C17354A323DEB76D00B74918 /* Info.plist */,
			);
			path = LoginAppTests;
			sourceTree = "<group>";
		};
		C17354AB23DEB76D00B74918 /* LoginAppUITests */ = {
			isa = PBXGroup;
			children = (
				C17354AC23DEB76D00B74918 /* LoginAppUITests.swift */,
				C17354AE23DEB76D00B74918 /* Info.plist */,
			);
			path = LoginAppUITests;
			sourceTree = "<group>";
		};
/* End PBXGroup section */

/* Begin PBXNativeTarget section */
		C173548623DEB76700B74918 /* LoginApp */ = {
			isa = PBXNativeTarget;
			buildConfigurationList = C17354B123DEB76D00B74918 /* Build configuration list for PBXNativeTarget "LoginApp" */;
			buildPhases = (
				1B71424764724C8950B04F4A /* [CP] Check Pods Manifest.lock */,
				C173548323DEB76700B74918 /* Sources */,
				C173548423DEB76700B74918 /* Frameworks */,
				C173548523DEB76700B74918 /* Resources */,
				AE70E90E8F45BA9B42A6680F /* [CP] Embed Pods Frameworks */,
				D0C259A535C82D9B230E486B /* [CP] Copy Pods Resources */,
			);
			buildRules = (
			);
			dependencies = (
			);
			name = LoginApp;
			productName = LoginApp;
			productReference = C173548723DEB76700B74918 /* LoginApp.app */;
			productType = "com.apple.product-type.application";
		};
		C173549C23DEB76D00B74918 /* LoginAppTests */ = {
			isa = PBXNativeTarget;
			buildConfigurationList = C17354B423DEB76D00B74918 /* Build configuration list for PBXNativeTarget "LoginAppTests" */;
			buildPhases = (
				F63BCA2883E6F9B4340B3CC6 /* [CP] Check Pods Manifest.lock */,
				C173549923DEB76D00B74918 /* Sources */,
				C173549A23DEB76D00B74918 /* Frameworks */,
				C173549B23DEB76D00B74918 /* Resources */,
			);
			buildRules = (
			);
			dependencies = (
				C173549F23DEB76D00B74918 /* PBXTargetDependency */,
			);
			name = LoginAppTests;
			productName = LoginAppTests;
			productReference = C173549D23DEB76D00B74918 /* LoginAppTests.xctest */;
			productType = "com.apple.product-type.bundle.unit-test";
		};
		C17354A723DEB76D00B74918 /* LoginAppUITests */ = {
			isa = PBXNativeTarget;
			buildConfigurationList = C17354B723DEB76D00B74918 /* Build configuration list for PBXNativeTarget "LoginAppUITests" */;
			buildPhases = (
				EFB54F971AE612ACA3C60006 /* [CP] Check Pods Manifest.lock */,
				C17354A423DEB76D00B74918 /* Sources */,
				C17354A523DEB76D00B74918 /* Frameworks */,
				C17354A623DEB76D00B74918 /* Resources */,
				603E1F0F7476475A954A236F /* [CP] Embed Pods Frameworks */,
				C98458A50063638C0541A22F /* [CP] Copy Pods Resources */,
			);
			buildRules = (
			);
			dependencies = (
				C17354AA23DEB76D00B74918 /* PBXTargetDependency */,
			);
			name = LoginAppUITests;
			productName = LoginAppUITests;
			productReference = C17354A823DEB76D00B74918 /* LoginAppUITests.xctest */;
			productType = "com.apple.product-type.bundle.ui-testing";
		};
/* End PBXNativeTarget section */

/* Begin PBXProject section */
		C173547F23DEB76700B74918 /* Project object */ = {
			isa = PBXProject;
			attributes = {
				LastSwiftUpdateCheck = 1110;
				LastUpgradeCheck = 1110;
				ORGANIZATIONNAME = Dhanush;
				TargetAttributes = {
					C173548623DEB76700B74918 = {
						CreatedOnToolsVersion = 11.1;
					};
					C173549C23DEB76D00B74918 = {
						CreatedOnToolsVersion = 11.1;
						TestTargetID = C173548623DEB76700B74918;
					};
					C17354A723DEB76D00B74918 = {
						CreatedOnToolsVersion = 11.1;
						TestTargetID = C173548623DEB76700B74918;
					};
				};
			};
			buildConfigurationList = C173548223DEB76700B74918 /* Build configuration list for PBXProject "LoginApp" */;
			compatibilityVersion = "Xcode 9.3";
			developmentRegion = en;
			hasScannedForEncodings = 0;
			knownRegions = (
				en,
				Base,
			);
			mainGroup = C173547E23DEB76700B74918;
			productRefGroup = C173548823DEB76700B74918 /* Products */;
			projectDirPath = "";
			projectRoot = "";
			targets = (
				C173548623DEB76700B74918 /* LoginApp */,
				C173549C23DEB76D00B74918 /* LoginAppTests */,
				C17354A723DEB76D00B74918 /* LoginAppUITests */,
			);
		};
/* End PBXProject section */

/* Begin PBXResourcesBuildPhase section */
		C173548523DEB76700B74918 /* Resources */ = {
			isa = PBXResourcesBuildPhase;
			buildActionMask = 2147483647;
			files = (
				C173549723DEB76D00B74918 /* LaunchScreen.storyboard in Resources */,
				C17354BD23DEE49B00B74918 /* GoogleService-Info.plist in Resources */,
				C173549423DEB76D00B74918 /* Preview Assets.xcassets in Resources */,
				C173549123DEB76D00B74918 /* Assets.xcassets in Resources */,
			);
			runOnlyForDeploymentPostprocessing = 0;
		};
		C173549B23DEB76D00B74918 /* Resources */ = {
			isa = PBXResourcesBuildPhase;
			buildActionMask = 2147483647;
			files = (
			);
			runOnlyForDeploymentPostprocessing = 0;
		};
		C17354A623DEB76D00B74918 /* Resources */ = {
			isa = PBXResourcesBuildPhase;
			buildActionMask = 2147483647;
			files = (
			);
			runOnlyForDeploymentPostprocessing = 0;
		};
/* End PBXResourcesBuildPhase section */

/* Begin PBXShellScriptBuildPhase section */
		1B71424764724C8950B04F4A /* [CP] Check Pods Manifest.lock */ = {
			isa = PBXShellScriptBuildPhase;
			buildActionMask = 2147483647;
			files = (
			);
			inputFileListPaths = (
			);
			inputPaths = (
				"${PODS_PODFILE_DIR_PATH}/Podfile.lock",
				"${PODS_ROOT}/Manifest.lock",
			);
			name = "[CP] Check Pods Manifest.lock";
			outputFileListPaths = (
			);
			outputPaths = (
				"$(DERIVED_FILE_DIR)/Pods-LoginApp-checkManifestLockResult.txt",
			);
			runOnlyForDeploymentPostprocessing = 0;
			shellPath = /bin/sh;
			shellScript = "diff \"${PODS_PODFILE_DIR_PATH}/Podfile.lock\" \"${PODS_ROOT}/Manifest.lock\" > /dev/null\nif [ $? != 0 ] ; then\n    # print error to STDERR\n    echo \"error: The sandbox is not in sync with the Podfile.lock. Run 'pod install' or update your CocoaPods installation.\" >&2\n    exit 1\nfi\n# This output is used by Xcode 'outputs' to avoid re-running this script phase.\necho \"SUCCESS\" > \"${SCRIPT_OUTPUT_FILE_0}\"\n";
			showEnvVarsInLog = 0;
		};
		603E1F0F7476475A954A236F /* [CP] Embed Pods Frameworks */ = {
			isa = PBXShellScriptBuildPhase;
			buildActionMask = 2147483647;
			files = (
			);
			inputFileListPaths = (
				"${PODS_ROOT}/Target Support Files/Pods-LoginApp-LoginAppUITests/Pods-LoginApp-LoginAppUITests-frameworks-${CONFIGURATION}-input-files.xcfilelist",
			);
			name = "[CP] Embed Pods Frameworks";
			outputFileListPaths = (
				"${PODS_ROOT}/Target Support Files/Pods-LoginApp-LoginAppUITests/Pods-LoginApp-LoginAppUITests-frameworks-${CONFIGURATION}-output-files.xcfilelist",
			);
			runOnlyForDeploymentPostprocessing = 0;
			shellPath = /bin/sh;
			shellScript = "\"${PODS_ROOT}/Target Support Files/Pods-LoginApp-LoginAppUITests/Pods-LoginApp-LoginAppUITests-frameworks.sh\"\n";
			showEnvVarsInLog = 0;
		};
		AE70E90E8F45BA9B42A6680F /* [CP] Embed Pods Frameworks */ = {
			isa = PBXShellScriptBuildPhase;
			buildActionMask = 2147483647;
			files = (
			);
			inputFileListPaths = (
				"${PODS_ROOT}/Target Support Files/Pods-LoginApp/Pods-LoginApp-frameworks-${CONFIGURATION}-input-files.xcfilelist",
			);
			name = "[CP] Embed Pods Frameworks";
			outputFileListPaths = (
				"${PODS_ROOT}/Target Support Files/Pods-LoginApp/Pods-LoginApp-frameworks-${CONFIGURATION}-output-files.xcfilelist",
			);
			runOnlyForDeploymentPostprocessing = 0;
			shellPath = /bin/sh;
			shellScript = "\"${PODS_ROOT}/Target Support Files/Pods-LoginApp/Pods-LoginApp-frameworks.sh\"\n";
			showEnvVarsInLog = 0;
		};
		C98458A50063638C0541A22F /* [CP] Copy Pods Resources */ = {
			isa = PBXShellScriptBuildPhase;
			buildActionMask = 2147483647;
			files = (
			);
			inputFileListPaths = (
				"${PODS_ROOT}/Target Support Files/Pods-LoginApp-LoginAppUITests/Pods-LoginApp-LoginAppUITests-resources-${CONFIGURATION}-input-files.xcfilelist",
			);
			name = "[CP] Copy Pods Resources";
			outputFileListPaths = (
				"${PODS_ROOT}/Target Support Files/Pods-LoginApp-LoginAppUITests/Pods-LoginApp-LoginAppUITests-resources-${CONFIGURATION}-output-files.xcfilelist",
			);
			runOnlyForDeploymentPostprocessing = 0;
			shellPath = /bin/sh;
			shellScript = "\"${PODS_ROOT}/Target Support Files/Pods-LoginApp-LoginAppUITests/Pods-LoginApp-LoginAppUITests-resources.sh\"\n";
			showEnvVarsInLog = 0;
		};
		D0C259A535C82D9B230E486B /* [CP] Copy Pods Resources */ = {
			isa = PBXShellScriptBuildPhase;
			buildActionMask = 2147483647;
			files = (
			);
			inputFileListPaths = (
				"${PODS_ROOT}/Target Support Files/Pods-LoginApp/Pods-LoginApp-resources-${CONFIGURATION}-input-files.xcfilelist",
			);
			name = "[CP] Copy Pods Resources";
			outputFileListPaths = (
				"${PODS_ROOT}/Target Support Files/Pods-LoginApp/Pods-LoginApp-resources-${CONFIGURATION}-output-files.xcfilelist",
			);
			runOnlyForDeploymentPostprocessing = 0;
			shellPath = /bin/sh;
			shellScript = "\"${PODS_ROOT}/Target Support Files/Pods-LoginApp/Pods-LoginApp-resources.sh\"\n";
			showEnvVarsInLog = 0;
		};
		EFB54F971AE612ACA3C60006 /* [CP] Check Pods Manifest.lock */ = {
			isa = PBXShellScriptBuildPhase;
			buildActionMask = 2147483647;
			files = (
			);
			inputFileListPaths = (
			);
			inputPaths = (
				"${PODS_PODFILE_DIR_PATH}/Podfile.lock",
				"${PODS_ROOT}/Manifest.lock",
			);
			name = "[CP] Check Pods Manifest.lock";
			outputFileListPaths = (
			);
			outputPaths = (
				"$(DERIVED_FILE_DIR)/Pods-LoginApp-LoginAppUITests-checkManifestLockResult.txt",
			);
			runOnlyForDeploymentPostprocessing = 0;
			shellPath = /bin/sh;
			shellScript = "diff \"${PODS_PODFILE_DIR_PATH}/Podfile.lock\" \"${PODS_ROOT}/Manifest.lock\" > /dev/null\nif [ $? != 0 ] ; then\n    # print error to STDERR\n    echo \"error: The sandbox is not in sync with the Podfile.lock. Run 'pod install' or update your CocoaPods installation.\" >&2\n    exit 1\nfi\n# This output is used by Xcode 'outputs' to avoid re-running this script phase.\necho \"SUCCESS\" > \"${SCRIPT_OUTPUT_FILE_0}\"\n";
			showEnvVarsInLog = 0;
		};
		F63BCA2883E6F9B4340B3CC6 /* [CP] Check Pods Manifest.lock */ = {
			isa = PBXShellScriptBuildPhase;
			buildActionMask = 2147483647;
			files = (
			);
			inputFileListPaths = (
			);
			inputPaths = (
				"${PODS_PODFILE_DIR_PATH}/Podfile.lock",
				"${PODS_ROOT}/Manifest.lock",
			);
			name = "[CP] Check Pods Manifest.lock";
			outputFileListPaths = (
			);
			outputPaths = (
				"$(DERIVED_FILE_DIR)/Pods-LoginAppTests-checkManifestLockResult.txt",
			);
			runOnlyForDeploymentPostprocessing = 0;
			shellPath = /bin/sh;
			shellScript = "diff \"${PODS_PODFILE_DIR_PATH}/Podfile.lock\" \"${PODS_ROOT}/Manifest.lock\" > /dev/null\nif [ $? != 0 ] ; then\n    # print error to STDERR\n    echo \"error: The sandbox is not in sync with the Podfile.lock. Run 'pod install' or update your CocoaPods installation.\" >&2\n    exit 1\nfi\n# This output is used by Xcode 'outputs' to avoid re-running this script phase.\necho \"SUCCESS\" > \"${SCRIPT_OUTPUT_FILE_0}\"\n";
			showEnvVarsInLog = 0;
		};
/* End PBXShellScriptBuildPhase section */

/* Begin PBXSourcesBuildPhase section */
		C173548323DEB76700B74918 /* Sources */ = {
			isa = PBXSourcesBuildPhase;
			buildActionMask = 2147483647;
			files = (
				C173548B23DEB76800B74918 /* AppDelegate.swift in Sources */,
				C173548D23DEB76800B74918 /* SceneDelegate.swift in Sources */,
				C173548F23DEB76800B74918 /* ContentView.swift in Sources */,
			);
			runOnlyForDeploymentPostprocessing = 0;
		};
		C173549923DEB76D00B74918 /* Sources */ = {
			isa = PBXSourcesBuildPhase;
			buildActionMask = 2147483647;
			files = (
				C17354A223DEB76D00B74918 /* LoginAppTests.swift in Sources */,
			);
			runOnlyForDeploymentPostprocessing = 0;
		};
		C17354A423DEB76D00B74918 /* Sources */ = {
			isa = PBXSourcesBuildPhase;
			buildActionMask = 2147483647;
			files = (
				C17354AD23DEB76D00B74918 /* LoginAppUITests.swift in Sources */,
			);
			runOnlyForDeploymentPostprocessing = 0;
		};
/* End PBXSourcesBuildPhase section */

/* Begin PBXTargetDependency section */
		C173549F23DEB76D00B74918 /* PBXTargetDependency */ = {
			isa = PBXTargetDependency;
			target = C173548623DEB76700B74918 /* LoginApp */;
			targetProxy = C173549E23DEB76D00B74918 /* PBXContainerItemProxy */;
		};
		C17354AA23DEB76D00B74918 /* PBXTargetDependency */ = {
			isa = PBXTargetDependency;
			target = C173548623DEB76700B74918 /* LoginApp */;
			targetProxy = C17354A923DEB76D00B74918 /* PBXContainerItemProxy */;
		};
/* End PBXTargetDependency section */

/* Begin PBXVariantGroup section */
		C173549523DEB76D00B74918 /* LaunchScreen.storyboard */ = {
			isa = PBXVariantGroup;
			children = (
				C173549623DEB76D00B74918 /* Base */,
			);
			name = LaunchScreen.storyboard;
			sourceTree = "<group>";
		};
/* End PBXVariantGroup section */

/* Begin XCBuildConfiguration section */
		C17354AF23DEB76D00B74918 /* Debug */ = {
			isa = XCBuildConfiguration;
			buildSettings = {
				ALWAYS_SEARCH_USER_PATHS = NO;
				CLANG_ANALYZER_NONNULL = YES;
				CLANG_ANALYZER_NUMBER_OBJECT_CONVERSION = YES_AGGRESSIVE;
				CLANG_CXX_LANGUAGE_STANDARD = "gnu++14";
				CLANG_CXX_LIBRARY = "libc++";
				CLANG_ENABLE_MODULES = YES;
				CLANG_ENABLE_OBJC_ARC = YES;
				CLANG_ENABLE_OBJC_WEAK = YES;
				CLANG_WARN_BLOCK_CAPTURE_AUTORELEASING = YES;
				CLANG_WARN_BOOL_CONVERSION = YES;
				CLANG_WARN_COMMA = YES;
				CLANG_WARN_CONSTANT_CONVERSION = YES;
				CLANG_WARN_DEPRECATED_OBJC_IMPLEMENTATIONS = YES;
				CLANG_WARN_DIRECT_OBJC_ISA_USAGE = YES_ERROR;
				CLANG_WARN_DOCUMENTATION_COMMENTS = YES;
				CLANG_WARN_EMPTY_BODY = YES;
				CLANG_WARN_ENUM_CONVERSION = YES;
				CLANG_WARN_INFINITE_RECURSION = YES;
				CLANG_WARN_INT_CONVERSION = YES;
				CLANG_WARN_NON_LITERAL_NULL_CONVERSION = YES;
				CLANG_WARN_OBJC_IMPLICIT_RETAIN_SELF = YES;
				CLANG_WARN_OBJC_LITERAL_CONVERSION = YES;
				CLANG_WARN_OBJC_ROOT_CLASS = YES_ERROR;
				CLANG_WARN_RANGE_LOOP_ANALYSIS = YES;
				CLANG_WARN_STRICT_PROTOTYPES = YES;
				CLANG_WARN_SUSPICIOUS_MOVE = YES;
				CLANG_WARN_UNGUARDED_AVAILABILITY = YES_AGGRESSIVE;
				CLANG_WARN_UNREACHABLE_CODE = YES;
				CLANG_WARN__DUPLICATE_METHOD_MATCH = YES;
				COPY_PHASE_STRIP = NO;
				DEBUG_INFORMATION_FORMAT = dwarf;
				ENABLE_STRICT_OBJC_MSGSEND = YES;
				ENABLE_TESTABILITY = YES;
				GCC_C_LANGUAGE_STANDARD = gnu11;
				GCC_DYNAMIC_NO_PIC = NO;
				GCC_NO_COMMON_BLOCKS = YES;
				GCC_OPTIMIZATION_LEVEL = 0;
				GCC_PREPROCESSOR_DEFINITIONS = (
					"DEBUG=1",
					"$(inherited)",
				);
				GCC_WARN_64_TO_32_BIT_CONVERSION = YES;
				GCC_WARN_ABOUT_RETURN_TYPE = YES_ERROR;
				GCC_WARN_UNDECLARED_SELECTOR = YES;
				GCC_WARN_UNINITIALIZED_AUTOS = YES_AGGRESSIVE;
				GCC_WARN_UNUSED_FUNCTION = YES;
				GCC_WARN_UNUSED_VARIABLE = YES;
				IPHONEOS_DEPLOYMENT_TARGET = 13.1;
				MTL_ENABLE_DEBUG_INFO = INCLUDE_SOURCE;
				MTL_FAST_MATH = YES;
				ONLY_ACTIVE_ARCH = YES;
				SDKROOT = iphoneos;
				SWIFT_ACTIVE_COMPILATION_CONDITIONS = DEBUG;
				SWIFT_OPTIMIZATION_LEVEL = "-Onone";
			};
			name = Debug;
		};
		C17354B023DEB76D00B74918 /* Release */ = {
			isa = XCBuildConfiguration;
			buildSettings = {
				ALWAYS_SEARCH_USER_PATHS = NO;
				CLANG_ANALYZER_NONNULL = YES;
				CLANG_ANALYZER_NUMBER_OBJECT_CONVERSION = YES_AGGRESSIVE;
				CLANG_CXX_LANGUAGE_STANDARD = "gnu++14";
				CLANG_CXX_LIBRARY = "libc++";
				CLANG_ENABLE_MODULES = YES;
				CLANG_ENABLE_OBJC_ARC = YES;
				CLANG_ENABLE_OBJC_WEAK = YES;
				CLANG_WARN_BLOCK_CAPTURE_AUTORELEASING = YES;
				CLANG_WARN_BOOL_CONVERSION = YES;
				CLANG_WARN_COMMA = YES;
				CLANG_WARN_CONSTANT_CONVERSION = YES;
				CLANG_WARN_DEPRECATED_OBJC_IMPLEMENTATIONS = YES;
				CLANG_WARN_DIRECT_OBJC_ISA_USAGE = YES_ERROR;
				CLANG_WARN_DOCUMENTATION_COMMENTS = YES;
				CLANG_WARN_EMPTY_BODY = YES;
				CLANG_WARN_ENUM_CONVERSION = YES;
				CLANG_WARN_INFINITE_RECURSION = YES;
				CLANG_WARN_INT_CONVERSION = YES;
				CLANG_WARN_NON_LITERAL_NULL_CONVERSION = YES;
				CLANG_WARN_OBJC_IMPLICIT_RETAIN_SELF = YES;
				CLANG_WARN_OBJC_LITERAL_CONVERSION = YES;
				CLANG_WARN_OBJC_ROOT_CLASS = YES_ERROR;
				CLANG_WARN_RANGE_LOOP_ANALYSIS = YES;
				CLANG_WARN_STRICT_PROTOTYPES = YES;
				CLANG_WARN_SUSPICIOUS_MOVE = YES;
				CLANG_WARN_UNGUARDED_AVAILABILITY = YES_AGGRESSIVE;
				CLANG_WARN_UNREACHABLE_CODE = YES;
				CLANG_WARN__DUPLICATE_METHOD_MATCH = YES;
				COPY_PHASE_STRIP = NO;
				DEBUG_INFORMATION_FORMAT = "dwarf-with-dsym";
				ENABLE_NS_ASSERTIONS = NO;
				ENABLE_STRICT_OBJC_MSGSEND = YES;
				GCC_C_LANGUAGE_STANDARD = gnu11;
				GCC_NO_COMMON_BLOCKS = YES;
				GCC_WARN_64_TO_32_BIT_CONVERSION = YES;
				GCC_WARN_ABOUT_RETURN_TYPE = YES_ERROR;
				GCC_WARN_UNDECLARED_SELECTOR = YES;
				GCC_WARN_UNINITIALIZED_AUTOS = YES_AGGRESSIVE;
				GCC_WARN_UNUSED_FUNCTION = YES;
				GCC_WARN_UNUSED_VARIABLE = YES;
				IPHONEOS_DEPLOYMENT_TARGET = 13.1;
				MTL_ENABLE_DEBUG_INFO = NO;
				MTL_FAST_MATH = YES;
				SDKROOT = iphoneos;
				SWIFT_COMPILATION_MODE = wholemodule;
				SWIFT_OPTIMIZATION_LEVEL = "-O";
				VALIDATE_PRODUCT = YES;
			};
			name = Release;
		};
		C17354B223DEB76D00B74918 /* Debug */ = {
			isa = XCBuildConfiguration;
			baseConfigurationReference = F9692EB7C45D25D45D32E17F /* Pods-LoginApp.debug.xcconfig */;
			buildSettings = {
				ASSETCATALOG_COMPILER_APPICON_NAME = AppIcon;
				CODE_SIGN_STYLE = Automatic;
				DEVELOPMENT_ASSET_PATHS = "\"LoginApp/Preview Content\"";
				ENABLE_PREVIEWS = YES;
				INFOPLIST_FILE = LoginApp/Info.plist;
				LD_RUNPATH_SEARCH_PATHS = (
					"$(inherited)",
					"@executable_path/Frameworks",
				);
				PRODUCT_BUNDLE_IDENTIFIER = SwiftUI.LoginApp;
				PRODUCT_NAME = "$(TARGET_NAME)";
				SWIFT_VERSION = 5.0;
				TARGETED_DEVICE_FAMILY = "1,2";
			};
			name = Debug;
		};
		C17354B323DEB76D00B74918 /* Release */ = {
			isa = XCBuildConfiguration;
			baseConfigurationReference = 175869D12703BAB3B4E91018 /* Pods-LoginApp.release.xcconfig */;
			buildSettings = {
				ASSETCATALOG_COMPILER_APPICON_NAME = AppIcon;
				CODE_SIGN_STYLE = Automatic;
				DEVELOPMENT_ASSET_PATHS = "\"LoginApp/Preview Content\"";
				ENABLE_PREVIEWS = YES;
				INFOPLIST_FILE = LoginApp/Info.plist;
				LD_RUNPATH_SEARCH_PATHS = (
					"$(inherited)",
					"@executable_path/Frameworks",
				);
				PRODUCT_BUNDLE_IDENTIFIER = SwiftUI.LoginApp;
				PRODUCT_NAME = "$(TARGET_NAME)";
				SWIFT_VERSION = 5.0;
				TARGETED_DEVICE_FAMILY = "1,2";
			};
			name = Release;
		};
		C17354B523DEB76D00B74918 /* Debug */ = {
			isa = XCBuildConfiguration;
			baseConfigurationReference = DE2AD445211BDB9892F284C7 /* Pods-LoginAppTests.debug.xcconfig */;
			buildSettings = {
				ALWAYS_EMBED_SWIFT_STANDARD_LIBRARIES = YES;
				BUNDLE_LOADER = "$(TEST_HOST)";
				CODE_SIGN_STYLE = Automatic;
				INFOPLIST_FILE = LoginAppTests/Info.plist;
				IPHONEOS_DEPLOYMENT_TARGET = 13.1;
				LD_RUNPATH_SEARCH_PATHS = (
					"$(inherited)",
					"@executable_path/Frameworks",
					"@loader_path/Frameworks",
				);
				PRODUCT_BUNDLE_IDENTIFIER = SwiftUI.LoginAppTests;
				PRODUCT_NAME = "$(TARGET_NAME)";
				SWIFT_VERSION = 5.0;
				TARGETED_DEVICE_FAMILY = "1,2";
				TEST_HOST = "$(BUILT_PRODUCTS_DIR)/LoginApp.app/LoginApp";
			};
			name = Debug;
		};
		C17354B623DEB76D00B74918 /* Release */ = {
			isa = XCBuildConfiguration;
			baseConfigurationReference = 2FD43CDEF0F37AC7FDE67EA4 /* Pods-LoginAppTests.release.xcconfig */;
			buildSettings = {
				ALWAYS_EMBED_SWIFT_STANDARD_LIBRARIES = YES;
				BUNDLE_LOADER = "$(TEST_HOST)";
				CODE_SIGN_STYLE = Automatic;
				INFOPLIST_FILE = LoginAppTests/Info.plist;
				IPHONEOS_DEPLOYMENT_TARGET = 13.1;
				LD_RUNPATH_SEARCH_PATHS = (
					"$(inherited)",
					"@executable_path/Frameworks",
					"@loader_path/Frameworks",
				);
				PRODUCT_BUNDLE_IDENTIFIER = SwiftUI.LoginAppTests;
				PRODUCT_NAME = "$(TARGET_NAME)";
				SWIFT_VERSION = 5.0;
				TARGETED_DEVICE_FAMILY = "1,2";
				TEST_HOST = "$(BUILT_PRODUCTS_DIR)/LoginApp.app/LoginApp";
			};
			name = Release;
		};
		C17354B823DEB76D00B74918 /* Debug */ = {
			isa = XCBuildConfiguration;
			baseConfigurationReference = E3CE94B1AFD6AF258B1F055F /* Pods-LoginApp-LoginAppUITests.debug.xcconfig */;
			buildSettings = {
				ALWAYS_EMBED_SWIFT_STANDARD_LIBRARIES = YES;
				CODE_SIGN_STYLE = Automatic;
				INFOPLIST_FILE = LoginAppUITests/Info.plist;
				LD_RUNPATH_SEARCH_PATHS = (
					"$(inherited)",
					"@executable_path/Frameworks",
					"@loader_path/Frameworks",
				);
				PRODUCT_BUNDLE_IDENTIFIER = SwiftUI.LoginAppUITests;
				PRODUCT_NAME = "$(TARGET_NAME)";
				SWIFT_VERSION = 5.0;
				TARGETED_DEVICE_FAMILY = "1,2";
				TEST_TARGET_NAME = LoginApp;
			};
			name = Debug;
		};
		C17354B923DEB76D00B74918 /* Release */ = {
			isa = XCBuildConfiguration;
			baseConfigurationReference = 07C3F1107C07B730F6774C1A /* Pods-LoginApp-LoginAppUITests.release.xcconfig */;
			buildSettings = {
				ALWAYS_EMBED_SWIFT_STANDARD_LIBRARIES = YES;
				CODE_SIGN_STYLE = Automatic;
				INFOPLIST_FILE = LoginAppUITests/Info.plist;
				LD_RUNPATH_SEARCH_PATHS = (
					"$(inherited)",
					"@executable_path/Frameworks",
					"@loader_path/Frameworks",
				);
				PRODUCT_BUNDLE_IDENTIFIER = SwiftUI.LoginAppUITests;
				PRODUCT_NAME = "$(TARGET_NAME)";
				SWIFT_VERSION = 5.0;
				TARGETED_DEVICE_FAMILY = "1,2";
				TEST_TARGET_NAME = LoginApp;
			};
			name = Release;
		};
/* End XCBuildConfiguration section */

/* Begin XCConfigurationList section */
		C173548223DEB76700B74918 /* Build configuration list for PBXProject "LoginApp" */ = {
			isa = XCConfigurationList;
			buildConfigurations = (
				C17354AF23DEB76D00B74918 /* Debug */,
				C17354B023DEB76D00B74918 /* Release */,
			);
			defaultConfigurationIsVisible = 0;
			defaultConfigurationName = Release;
		};
		C17354B123DEB76D00B74918 /* Build configuration list for PBXNativeTarget "LoginApp" */ = {
			isa = XCConfigurationList;
			buildConfigurations = (
				C17354B223DEB76D00B74918 /* Debug */,
				C17354B323DEB76D00B74918 /* Release */,
			);
			defaultConfigurationIsVisible = 0;
			defaultConfigurationName = Release;
		};
		C17354B423DEB76D00B74918 /* Build configuration list for PBXNativeTarget "LoginAppTests" */ = {
			isa = XCConfigurationList;
			buildConfigurations = (
				C17354B523DEB76D00B74918 /* Debug */,
				C17354B623DEB76D00B74918 /* Release */,
			);
			defaultConfigurationIsVisible = 0;
			defaultConfigurationName = Release;
		};
		C17354B723DEB76D00B74918 /* Build configuration list for PBXNativeTarget "LoginAppUITests" */ = {
			isa = XCConfigurationList;
			buildConfigurations = (
				C17354B823DEB76D00B74918 /* Debug */,
				C17354B923DEB76D00B74918 /* Release */,
			);
			defaultConfigurationIsVisible = 0;
			defaultConfigurationName = Release;
		};
/* End XCConfigurationList section */
	};
	rootObject = C173547F23DEB76700B74918 /* Project object */;
}
